
Microsoft Visual Studio Solution File, Format Version 12.00
# Visual Studio Version 17
VisualStudioVersion = 17.10.34707.107
MinimumVisualStudioVersion = 10.0.40219.1
Project("{2150E333-8FDC-42A3-9474-1A3956D46DE8}") = "stylecop", "stylecop", "{6D8FA9DB-5187-4452-A134-01D53AF1D6A3}"
	ProjectSection(SolutionItems) = preProject
		stylecop.json = stylecop.json
		StyleCopRules.ruleset = StyleCopRules.ruleset
	EndProjectSection
EndProject
Project("{2150E333-8FDC-42A3-9474-1A3956D46DE8}") = "Sharpnado", "Sharpnado", "{00FE3F63-3A2A-4DB8-9B01-560BF078CF05}"
EndProject
Project("{9A19103F-16F7-4668-BE54-9A1E7A4F7556}") = "SkiaSharpnado", "..\SkiaSharpnado\SkiaSharpnado.csproj", "{8ED1FE75-0B48-4D4E-BDCE-FDCF046128D6}"
EndProject
Project("{9A19103F-16F7-4668-BE54-9A1E7A4F7556}") = "SkiaSharpnado.Maps", "..\SkiaSharpnado.Maps\SkiaSharpnado.Maps.csproj", "{A9EA05BA-26DE-4005-83BB-FDF1289D2F2D}"
EndProject
Project("{2150E333-8FDC-42A3-9474-1A3956D46DE8}") = "Maps", "Maps", "{628C4F01-81BB-4BEE-862F-380B03017DAF}"
EndProject
Project("{FAE04EC0-301F-11D3-BF4B-00C04F79EFBC}") = "SkiaSharpnado.Maps.Maui", "..\SkiaSharpnado.Maps.Maui\SkiaSharpnado.Maps.Maui.csproj", "{43BDAD7D-2EDE-4921-90DC-0A006539EA63}"
EndProject
Global
	GlobalSection(SolutionConfigurationPlatforms) = preSolution
		Debug|Any CPU = Debug|Any CPU
		Debug|ARM = Debug|ARM
		Debug|iPhone = Debug|iPhone
		Debug|iPhoneSimulator = Debug|iPhoneSimulator
		Debug|x64 = Debug|x64
		Debug|x86 = Debug|x86
		Release|Any CPU = Release|Any CPU
		Release|ARM = Release|ARM
		Release|iPhone = Release|iPhone
		Release|iPhoneSimulator = Release|iPhoneSimulator
		Release|x64 = Release|x64
		Release|x86 = Release|x86
	EndGlobalSection
	GlobalSection(ProjectConfigurationPlatforms) = postSolution
		{8ED1FE75-0B48-4D4E-BDCE-FDCF046128D6}.Debug|Any CPU.ActiveCfg = Debug|Any CPU
		{8ED1FE75-0B48-4D4E-BDCE-FDCF046128D6}.Debug|Any CPU.Build.0 = Debug|Any CPU
		{8ED1FE75-0B48-4D4E-BDCE-FDCF046128D6}.Debug|ARM.ActiveCfg = Debug|Any CPU
		{8ED1FE75-0B48-4D4E-BDCE-FDCF046128D6}.Debug|ARM.Build.0 = Debug|Any CPU
		{8ED1FE75-0B48-4D4E-BDCE-FDCF046128D6}.Debug|iPhone.ActiveCfg = Debug|Any CPU
		{8ED1FE75-0B48-4D4E-BDCE-FDCF046128D6}.Debug|iPhone.Build.0 = Debug|Any CPU
		{8ED1FE75-0B48-4D4E-BDCE-FDCF046128D6}.Debug|iPhoneSimulator.ActiveCfg = Debug|Any CPU
		{8ED1FE75-0B48-4D4E-BDCE-FDCF046128D6}.Debug|iPhoneSimulator.Build.0 = Debug|Any CPU
		{8ED1FE75-0B48-4D4E-BDCE-FDCF046128D6}.Debug|x64.ActiveCfg = Debug|Any CPU
		{8ED1FE75-0B48-4D4E-BDCE-FDCF046128D6}.Debug|x64.Build.0 = Debug|Any CPU
		{8ED1FE75-0B48-4D4E-BDCE-FDCF046128D6}.Debug|x86.ActiveCfg = Debug|Any CPU
		{8ED1FE75-0B48-4D4E-BDCE-FDCF046128D6}.Debug|x86.Build.0 = Debug|Any CPU
		{8ED1FE75-0B48-4D4E-BDCE-FDCF046128D6}.Release|Any CPU.ActiveCfg = Release|Any CPU
		{8ED1FE75-0B48-4D4E-BDCE-FDCF046128D6}.Release|Any CPU.Build.0 = Release|Any CPU
		{8ED1FE75-0B48-4D4E-BDCE-FDCF046128D6}.Release|ARM.ActiveCfg = Release|Any CPU
		{8ED1FE75-0B48-4D4E-BDCE-FDCF046128D6}.Release|ARM.Build.0 = Release|Any CPU
		{8ED1FE75-0B48-4D4E-BDCE-FDCF046128D6}.Release|iPhone.ActiveCfg = Release|Any CPU
		{8ED1FE75-0B48-4D4E-BDCE-FDCF046128D6}.Release|iPhone.Build.0 = Release|Any CPU
		{8ED1FE75-0B48-4D4E-BDCE-FDCF046128D6}.Release|iPhoneSimulator.ActiveCfg = Release|Any CPU
		{8ED1FE75-0B48-4D4E-BDCE-FDCF046128D6}.Release|iPhoneSimulator.Build.0 = Release|Any CPU
		{8ED1FE75-0B48-4D4E-BDCE-FDCF046128D6}.Release|x64.ActiveCfg = Release|Any CPU
		{8ED1FE75-0B48-4D4E-BDCE-FDCF046128D6}.Release|x64.Build.0 = Release|Any CPU
		{8ED1FE75-0B48-4D4E-BDCE-FDCF046128D6}.Release|x86.ActiveCfg = Release|Any CPU
		{8ED1FE75-0B48-4D4E-BDCE-FDCF046128D6}.Release|x86.Build.0 = Release|Any CPU
		{A9EA05BA-26DE-4005-83BB-FDF1289D2F2D}.Debug|Any CPU.ActiveCfg = Debug|Any CPU
		{A9EA05BA-26DE-4005-83BB-FDF1289D2F2D}.Debug|Any CPU.Build.0 = Debug|Any CPU
		{A9EA05BA-26DE-4005-83BB-FDF1289D2F2D}.Debug|ARM.ActiveCfg = Debug|Any CPU
		{A9EA05BA-26DE-4005-83BB-FDF1289D2F2D}.Debug|ARM.Build.0 = Debug|Any CPU
		{A9EA05BA-26DE-4005-83BB-FDF1289D2F2D}.Debug|iPhone.ActiveCfg = Debug|Any CPU
		{A9EA05BA-26DE-4005-83BB-FDF1289D2F2D}.Debug|iPhone.Build.0 = Debug|Any CPU
		{A9EA05BA-26DE-4005-83BB-FDF1289D2F2D}.Debug|iPhoneSimulator.ActiveCfg = Debug|Any CPU
		{A9EA05BA-26DE-4005-83BB-FDF1289D2F2D}.Debug|iPhoneSimulator.Build.0 = Debug|Any CPU
		{A9EA05BA-26DE-4005-83BB-FDF1289D2F2D}.Debug|x64.ActiveCfg = Debug|Any CPU
		{A9EA05BA-26DE-4005-83BB-FDF1289D2F2D}.Debug|x64.Build.0 = Debug|Any CPU
		{A9EA05BA-26DE-4005-83BB-FDF1289D2F2D}.Debug|x86.ActiveCfg = Debug|Any CPU
		{A9EA05BA-26DE-4005-83BB-FDF1289D2F2D}.Debug|x86.Build.0 = Debug|Any CPU
		{A9EA05BA-26DE-4005-83BB-FDF1289D2F2D}.Release|Any CPU.ActiveCfg = Release|Any CPU
		{A9EA05BA-26DE-4005-83BB-FDF1289D2F2D}.Release|Any CPU.Build.0 = Release|Any CPU
		{A9EA05BA-26DE-4005-83BB-FDF1289D2F2D}.Release|ARM.ActiveCfg = Release|Any CPU
		{A9EA05BA-26DE-4005-83BB-FDF1289D2F2D}.Release|ARM.Build.0 = Release|Any CPU
		{A9EA05BA-26DE-4005-83BB-FDF1289D2F2D}.Release|iPhone.ActiveCfg = Release|Any CPU
		{A9EA05BA-26DE-4005-83BB-FDF1289D2F2D}.Release|iPhone.Build.0 = Release|Any CPU
		{A9EA05BA-26DE-4005-83BB-FDF1289D2F2D}.Release|iPhoneSimulator.ActiveCfg = Release|Any CPU
		{A9EA05BA-26DE-4005-83BB-FDF1289D2F2D}.Release|iPhoneSimulator.Build.0 = Release|Any CPU
		{A9EA05BA-26DE-4005-83BB-FDF1289D2F2D}.Release|x64.ActiveCfg = Release|Any CPU
		{A9EA05BA-26DE-4005-83BB-FDF1289D2F2D}.Release|x64.Build.0 = Release|Any CPU
		{A9EA05BA-26DE-4005-83BB-FDF1289D2F2D}.Release|x86.ActiveCfg = Release|Any CPU
		{A9EA05BA-26DE-4005-83BB-FDF1289D2F2D}.Release|x86.Build.0 = Release|Any CPU
		{43BDAD7D-2EDE-4921-90DC-0A006539EA63}.Debug|Any CPU.ActiveCfg = Debug|Any CPU
		{43BDAD7D-2EDE-4921-90DC-0A006539EA63}.Debug|Any CPU.Build.0 = Debug|Any CPU
		{43BDAD7D-2EDE-4921-90DC-0A006539EA63}.Debug|ARM.ActiveCfg = Debug|Any CPU
		{43BDAD7D-2EDE-4921-90DC-0A006539EA63}.Debug|ARM.Build.0 = Debug|Any CPU
		{43BDAD7D-2EDE-4921-90DC-0A006539EA63}.Debug|iPhone.ActiveCfg = Debug|Any CPU
		{43BDAD7D-2EDE-4921-90DC-0A006539EA63}.Debug|iPhone.Build.0 = Debug|Any CPU
		{43BDAD7D-2EDE-4921-90DC-0A006539EA63}.Debug|iPhoneSimulator.ActiveCfg = Debug|Any CPU
		{43BDAD7D-2EDE-4921-90DC-0A006539EA63}.Debug|iPhoneSimulator.Build.0 = Debug|Any CPU
		{43BDAD7D-2EDE-4921-90DC-0A006539EA63}.Debug|x64.ActiveCfg = Debug|Any CPU
		{43BDAD7D-2EDE-4921-90DC-0A006539EA63}.Debug|x64.Build.0 = Debug|Any CPU
		{43BDAD7D-2EDE-4921-90DC-0A006539EA63}.Debug|x86.ActiveCfg = Debug|Any CPU
		{43BDAD7D-2EDE-4921-90DC-0A006539EA63}.Debug|x86.Build.0 = Debug|Any CPU
		{43BDAD7D-2EDE-4921-90DC-0A006539EA63}.Release|Any CPU.ActiveCfg = Release|Any CPU
		{43BDAD7D-2EDE-4921-90DC-0A006539EA63}.Release|Any CPU.Build.0 = Release|Any CPU
		{43BDAD7D-2EDE-4921-90DC-0A006539EA63}.Release|ARM.ActiveCfg = Release|Any CPU
		{43BDAD7D-2EDE-4921-90DC-0A006539EA63}.Release|ARM.Build.0 = Release|Any CPU
		{43BDAD7D-2EDE-4921-90DC-0A006539EA63}.Release|iPhone.ActiveCfg = Release|Any CPU
		{43BDAD7D-2EDE-4921-90DC-0A006539EA63}.Release|iPhone.Build.0 = Release|Any CPU
		{43BDAD7D-2EDE-4921-90DC-0A006539EA63}.Release|iPhoneSimulator.ActiveCfg = Release|Any CPU
		{43BDAD7D-2EDE-4921-90DC-0A006539EA63}.Release|iPhoneSimulator.Build.0 = Release|Any CPU
		{43BDAD7D-2EDE-4921-90DC-0A006539EA63}.Release|x64.ActiveCfg = Release|Any CPU
		{43BDAD7D-2EDE-4921-90DC-0A006539EA63}.Release|x64.Build.0 = Release|Any CPU
		{43BDAD7D-2EDE-4921-90DC-0A006539EA63}.Release|x86.ActiveCfg = Release|Any CPU
		{43BDAD7D-2EDE-4921-90DC-0A006539EA63}.Release|x86.Build.0 = Release|Any CPU
	EndGlobalSection
	GlobalSection(SolutionProperties) = preSolution
		HideSolutionNode = FALSE
	EndGlobalSection
	GlobalSection(NestedProjects) = preSolution
		{8ED1FE75-0B48-4D4E-BDCE-FDCF046128D6} = {00FE3F63-3A2A-4DB8-9B01-560BF078CF05}
		{A9EA05BA-26DE-4005-83BB-FDF1289D2F2D} = {00FE3F63-3A2A-4DB8-9B01-560BF078CF05}
		{43BDAD7D-2EDE-4921-90DC-0A006539EA63} = {00FE3F63-3A2A-4DB8-9B01-560BF078CF05}
	EndGlobalSection
	GlobalSection(ExtensibilityGlobals) = postSolution
		SolutionGuid = {CDBDA50D-49D4-477A-B45D-A6E2692575D5}
	EndGlobalSection
EndGlobal
